// !$*UTF8*$!
{
	archiveVersion = 1;
	classes = {
	};
	objectVersion = 46;
	objects = {

/* Begin PBXBuildFile section */
		1D60589B0D05DD56006BFB54 /* main.m in Sources */ = {isa = PBXBuildFile; fileRef = 29B97316FDCFA39411CA2CEA /* main.m */; };
		1D60589F0D05DD5A006BFB54 /* Foundation.framework in Frameworks */ = {isa = PBXBuildFile; fileRef = 1D30AB110D05D00D00671497 /* Foundation.framework */; };
		1DF5F4E00D08C38300B7A737 /* UIKit.framework in Frameworks */ = {isa = PBXBuildFile; fileRef = 1DF5F4DF0D08C38300B7A737 /* UIKit.framework */; };
		288765A50DF7441C002DB57D /* CoreGraphics.framework in Frameworks */ = {isa = PBXBuildFile; fileRef = 288765A40DF7441C002DB57D /* CoreGraphics.framework */; };
		4A02E4BF124B164E00D9DB61 /* SGDemoApp-Info.plist in Resources */ = {isa = PBXBuildFile; fileRef = 4A24234B10DB0E6D005D1CB1 /* SGDemoApp-Info.plist */; };
		4A23967D11A6FE060055CD31 /* SGLayerAdditions.m in Sources */ = {isa = PBXBuildFile; fileRef = 4A23967C11A6FE060055CD31 /* SGLayerAdditions.m */; };
		4A24233610DB0E12005D1CB1 /* SGMainViewController.m in Sources */ = {isa = PBXBuildFile; fileRef = 4A24231210DB0E12005D1CB1 /* SGMainViewController.m */; };
		4A24234310DB0E12005D1CB1 /* SGDemoAppDelegate.m in Sources */ = {isa = PBXBuildFile; fileRef = 4A24232F10DB0E12005D1CB1 /* SGDemoAppDelegate.m */; };
		4A24234410DB0E12005D1CB1 /* SGRecordTableCell.m in Sources */ = {isa = PBXBuildFile; fileRef = 4A24233210DB0E12005D1CB1 /* SGRecordTableCell.m */; };
		4A24234510DB0E12005D1CB1 /* SGMapAnnotationView.m in Sources */ = {isa = PBXBuildFile; fileRef = 4A24233510DB0E12005D1CB1 /* SGMapAnnotationView.m */; };
		4A24235C10DB0E6D005D1CB1 /* BlueTargetButton.png in Resources */ = {isa = PBXBuildFile; fileRef = 4A24234E10DB0E6D005D1CB1 /* BlueTargetButton.png */; };
		4A24235D10DB0E6D005D1CB1 /* BrightKite.png in Resources */ = {isa = PBXBuildFile; fileRef = 4A24234F10DB0E6D005D1CB1 /* BrightKite.png */; };
		4A24235E10DB0E6D005D1CB1 /* Crosshair.png in Resources */ = {isa = PBXBuildFile; fileRef = 4A24235010DB0E6D005D1CB1 /* Crosshair.png */; };
		4A24235F10DB0E6D005D1CB1 /* DefaultProfilePicture.png in Resources */ = {isa = PBXBuildFile; fileRef = 4A24235110DB0E6D005D1CB1 /* DefaultProfilePicture.png */; };
		4A24236010DB0E6D005D1CB1 /* Flickr.png in Resources */ = {isa = PBXBuildFile; fileRef = 4A24235210DB0E6D005D1CB1 /* Flickr.png */; };
		4A24236110DB0E6D005D1CB1 /* LocateMeButton.png in Resources */ = {isa = PBXBuildFile; fileRef = 4A24235310DB0E6D005D1CB1 /* LocateMeButton.png */; };
		4A24236210DB0E6D005D1CB1 /* Twitter.png in Resources */ = {isa = PBXBuildFile; fileRef = 4A24235410DB0E6D005D1CB1 /* Twitter.png */; };
		4A24236410DB0E6D005D1CB1 /* MainWindow.xib in Resources */ = {isa = PBXBuildFile; fileRef = 4A24235710DB0E6D005D1CB1 /* MainWindow.xib */; };
		4A24236510DB0E6D005D1CB1 /* Settings.bundle in Resources */ = {isa = PBXBuildFile; fileRef = 4A24235810DB0E6D005D1CB1 /* Settings.bundle */; };
		4A2424E510DB10F7005D1CB1 /* OpenGLES.framework in Frameworks */ = {isa = PBXBuildFile; fileRef = 4A2424E410DB10F7005D1CB1 /* OpenGLES.framework */; };
		4A2424E710DB10FC005D1CB1 /* CoreLocation.framework in Frameworks */ = {isa = PBXBuildFile; fileRef = 4A2424E610DB10FC005D1CB1 /* CoreLocation.framework */; };
		4A24250810DB1119005D1CB1 /* MapKit.framework in Frameworks */ = {isa = PBXBuildFile; fileRef = 4A24250710DB1119005D1CB1 /* MapKit.framework */; };
		4A24250F10DB112D005D1CB1 /* QuartzCore.framework in Frameworks */ = {isa = PBXBuildFile; fileRef = 4A24250E10DB112D005D1CB1 /* QuartzCore.framework */; };
		4A75535511DBD47A003E8D8A /* update_sg_sdk in Resources */ = {isa = PBXBuildFile; fileRef = 4A75535411DBD47A003E8D8A /* update_sg_sdk */; };
		4A75552011DBDD19003E8D8A /* LICENSE in Resources */ = {isa = PBXBuildFile; fileRef = 4AF85B3911A5E80700B97ADA /* LICENSE */; };
		4A8071CA124A551900D2F3DE /* SGDemoLayer.m in Sources */ = {isa = PBXBuildFile; fileRef = 4A8071C9124A551900D2F3DE /* SGDemoLayer.m */; };
		4A8073A6124AF25A00D2F3DE /* SGRecordViewController.m in Sources */ = {isa = PBXBuildFile; fileRef = 4A8073A5124AF25A00D2F3DE /* SGRecordViewController.m */; };
		4A8636981107D03B00DB3A18 /* Icon.png in Resources */ = {isa = PBXBuildFile; fileRef = 4A8636961107D03B00DB3A18 /* Icon.png */; };
		4A8636991107D03B00DB3A18 /* iTunesArtwork.png in Resources */ = {isa = PBXBuildFile; fileRef = 4A8636971107D03B00DB3A18 /* iTunesArtwork.png */; };
		4A8636B61107D35000DB3A18 /* LeftButton.png in Resources */ = {isa = PBXBuildFile; fileRef = 4A8636B41107D35000DB3A18 /* LeftButton.png */; };
		4A8636B71107D35000DB3A18 /* RightButton.png in Resources */ = {isa = PBXBuildFile; fileRef = 4A8636B51107D35000DB3A18 /* RightButton.png */; };
		4A9B8ABC11A72CD10044D956 /* SGLoadingView.m in Sources */ = {isa = PBXBuildFile; fileRef = 4A9B8ABB11A72CD10044D956 /* SGLoadingView.m */; };
		4A9B8ACF11A72D0C0044D956 /* LoadingBackground.png in Resources */ = {isa = PBXBuildFile; fileRef = 4A9B8ACE11A72D0C0044D956 /* LoadingBackground.png */; };
		4A9F640712748A7C0013C779 /* libSGAREnvironment.a in Frameworks */ = {isa = PBXBuildFile; fileRef = 4AC1F04B124275CF0053A8AC /* libSGAREnvironment.a */; };
		4A9F640812748A7F0013C779 /* libSGAREnvironment.a in Frameworks */ = {isa = PBXBuildFile; fileRef = 4AC1F04D124275CF0053A8AC /* libSGAREnvironment.a */; };
		4A9F640912748A830013C779 /* libSGMapKit.a in Frameworks */ = {isa = PBXBuildFile; fileRef = 4A9F621F127484A60013C779 /* libSGMapKit.a */; };
		4A9F640A12748A860013C779 /* libSGMapKit.a in Frameworks */ = {isa = PBXBuildFile; fileRef = 4A9F621D127484A60013C779 /* libSGMapKit.a */; };
		4A9F640B12748A8B0013C779 /* libSGClient.a in Frameworks */ = {isa = PBXBuildFile; fileRef = 4A9F630E127484B40013C779 /* libSGClient.a */; };
		4A9F640C12748A8D0013C779 /* libSGClient.a in Frameworks */ = {isa = PBXBuildFile; fileRef = 4A9F630C127484B40013C779 /* libSGClient.a */; };
		4ABE1F531242F145002F42EC /* SGAddLayerTableViewController.m in Sources */ = {isa = PBXBuildFile; fileRef = 4ABE1F521242F145002F42EC /* SGAddLayerTableViewController.m */; };
		4ABE1F561242F14C002F42EC /* SGLayerViewController.m in Sources */ = {isa = PBXBuildFile; fileRef = 4ABE1F551242F14C002F42EC /* SGLayerViewController.m */; };
		4AC1F0E2124275CF0053A8AC /* SGBluePin.png in Resources */ = {isa = PBXBuildFile; fileRef = 4AC1F03D124275CF0053A8AC /* SGBluePin.png */; };
		4AC1F0E3124275CF0053A8AC /* SGBottomInspectorBackground.png in Resources */ = {isa = PBXBuildFile; fileRef = 4AC1F03E124275CF0053A8AC /* SGBottomInspectorBackground.png */; };
		4AC1F0E4124275CF0053A8AC /* SGCloseButton.png in Resources */ = {isa = PBXBuildFile; fileRef = 4AC1F03F124275CF0053A8AC /* SGCloseButton.png */; };
		4AC1F0E5124275CF0053A8AC /* SGDefaultContainer.png in Resources */ = {isa = PBXBuildFile; fileRef = 4AC1F040124275CF0053A8AC /* SGDefaultContainer.png */; };
		4AC1F0E6124275CF0053A8AC /* SGDefaultProfilePicture.png in Resources */ = {isa = PBXBuildFile; fileRef = 4AC1F041124275CF0053A8AC /* SGDefaultProfilePicture.png */; };
		4AC1F0E7124275CF0053A8AC /* SGDefaultRadarBackground.png in Resources */ = {isa = PBXBuildFile; fileRef = 4AC1F042124275CF0053A8AC /* SGDefaultRadarBackground.png */; };
		4AC1F0E8124275CF0053A8AC /* SGDefaultRadarCurrentLocation.png in Resources */ = {isa = PBXBuildFile; fileRef = 4AC1F043124275CF0053A8AC /* SGDefaultRadarCurrentLocation.png */; };
		4AC1F0E9124275CF0053A8AC /* SGDefaultRadarTargetImage.png in Resources */ = {isa = PBXBuildFile; fileRef = 4AC1F044124275CF0053A8AC /* SGDefaultRadarTargetImage.png */; };
		4AC1F0EA124275CF0053A8AC /* SGDefaultSelectedContainer.png in Resources */ = {isa = PBXBuildFile; fileRef = 4AC1F045124275CF0053A8AC /* SGDefaultSelectedContainer.png */; };
		4AC1F0EB124275CF0053A8AC /* SGGlassTargetBackground.png in Resources */ = {isa = PBXBuildFile; fileRef = 4AC1F046124275CF0053A8AC /* SGGlassTargetBackground.png */; };
		4AC1F0EC124275CF0053A8AC /* SGMiddleInspectorBackground.png in Resources */ = {isa = PBXBuildFile; fileRef = 4AC1F047124275CF0053A8AC /* SGMiddleInspectorBackground.png */; };
		4AC1F0ED124275CF0053A8AC /* SGRedPin.png in Resources */ = {isa = PBXBuildFile; fileRef = 4AC1F048124275CF0053A8AC /* SGRedPin.png */; };
		4AC1F0EE124275CF0053A8AC /* SGTopInspectorBackground.png in Resources */ = {isa = PBXBuildFile; fileRef = 4AC1F049124275CF0053A8AC /* SGTopInspectorBackground.png */; };
		4AC1F17112427B9F0053A8AC /* AVFoundation.framework in Frameworks */ = {isa = PBXBuildFile; fileRef = 4AC1F17012427B9F0053A8AC /* AVFoundation.framework */; };
		4AD169EE10DFECCF0057D9EC /* SGRecordAdditions.m in Sources */ = {isa = PBXBuildFile; fileRef = 4AD169ED10DFECCF0057D9EC /* SGRecordAdditions.m */; };
		4AD16A0E10DFF5AB0057D9EC /* UIImageAdditions.m in Sources */ = {isa = PBXBuildFile; fileRef = 4AD16A0D10DFF5AB0057D9EC /* UIImageAdditions.m */; };
		4AD16AF310E010CE0057D9EC /* Token.plist in Resources */ = {isa = PBXBuildFile; fileRef = 4AD16AF210E010CE0057D9EC /* Token.plist */; };
		4AFD5C18125A6DFD00C66A87 /* SGTierViewController.m in Sources */ = {isa = PBXBuildFile; fileRef = 4AFD5C17125A6DFD00C66A87 /* SGTierViewController.m */; };
		4AFD5C1E125A73E900C66A87 /* SGWebViewController.m in Sources */ = {isa = PBXBuildFile; fileRef = 4AFD5C1D125A73E900C66A87 /* SGWebViewController.m */; };
		4AFD5C98125A7CDD00C66A87 /* SGDemoRecord.m in Sources */ = {isa = PBXBuildFile; fileRef = 4AFD5C97125A7CDD00C66A87 /* SGDemoRecord.m */; };
		5DF4385F132AC12900CA84E0 /* README.md in Resources */ = {isa = PBXBuildFile; fileRef = 5DF4385E132AC12900CA84E0 /* README.md */; };
/* End PBXBuildFile section */

/* Begin PBXFileReference section */
		1D30AB110D05D00D00671497 /* Foundation.framework */ = {isa = PBXFileReference; lastKnownFileType = wrapper.framework; name = Foundation.framework; path = System/Library/Frameworks/Foundation.framework; sourceTree = SDKROOT; };
		1DF5F4DF0D08C38300B7A737 /* UIKit.framework */ = {isa = PBXFileReference; lastKnownFileType = wrapper.framework; name = UIKit.framework; path = System/Library/Frameworks/UIKit.framework; sourceTree = SDKROOT; };
		288765A40DF7441C002DB57D /* CoreGraphics.framework */ = {isa = PBXFileReference; lastKnownFileType = wrapper.framework; name = CoreGraphics.framework; path = System/Library/Frameworks/CoreGraphics.framework; sourceTree = SDKROOT; };
		29B97316FDCFA39411CA2CEA /* main.m */ = {isa = PBXFileReference; fileEncoding = 4; lastKnownFileType = sourcecode.c.objc; path = main.m; sourceTree = "<group>"; };
		4A23967B11A6FE060055CD31 /* SGLayerAdditions.h */ = {isa = PBXFileReference; fileEncoding = 4; lastKnownFileType = sourcecode.c.h; path = SGLayerAdditions.h; sourceTree = "<group>"; };
		4A23967C11A6FE060055CD31 /* SGLayerAdditions.m */ = {isa = PBXFileReference; fileEncoding = 4; lastKnownFileType = sourcecode.c.objc; path = SGLayerAdditions.m; sourceTree = "<group>"; };
		4A24231110DB0E12005D1CB1 /* SGMainViewController.h */ = {isa = PBXFileReference; fileEncoding = 4; lastKnownFileType = sourcecode.c.h; path = SGMainViewController.h; sourceTree = "<group>"; };
		4A24231210DB0E12005D1CB1 /* SGMainViewController.m */ = {isa = PBXFileReference; fileEncoding = 4; lastKnownFileType = sourcecode.c.objc; path = SGMainViewController.m; sourceTree = "<group>"; };
		4A24232E10DB0E12005D1CB1 /* SGDemoAppDelegate.h */ = {isa = PBXFileReference; fileEncoding = 4; lastKnownFileType = sourcecode.c.h; path = SGDemoAppDelegate.h; sourceTree = "<group>"; };
		4A24232F10DB0E12005D1CB1 /* SGDemoAppDelegate.m */ = {isa = PBXFileReference; fileEncoding = 4; lastKnownFileType = sourcecode.c.objc; path = SGDemoAppDelegate.m; sourceTree = "<group>"; };
		4A24233110DB0E12005D1CB1 /* SGRecordTableCell.h */ = {isa = PBXFileReference; fileEncoding = 4; lastKnownFileType = sourcecode.c.h; path = SGRecordTableCell.h; sourceTree = "<group>"; };
		4A24233210DB0E12005D1CB1 /* SGRecordTableCell.m */ = {isa = PBXFileReference; fileEncoding = 4; lastKnownFileType = sourcecode.c.objc; path = SGRecordTableCell.m; sourceTree = "<group>"; };
		4A24233410DB0E12005D1CB1 /* SGMapAnnotationView.h */ = {isa = PBXFileReference; fileEncoding = 4; lastKnownFileType = sourcecode.c.h; path = SGMapAnnotationView.h; sourceTree = "<group>"; };
		4A24233510DB0E12005D1CB1 /* SGMapAnnotationView.m */ = {isa = PBXFileReference; fileEncoding = 4; lastKnownFileType = sourcecode.c.objc; path = SGMapAnnotationView.m; sourceTree = "<group>"; };
		4A24234B10DB0E6D005D1CB1 /* SGDemoApp-Info.plist */ = {isa = PBXFileReference; fileEncoding = 4; lastKnownFileType = text.plist.xml; path = "SGDemoApp-Info.plist"; sourceTree = "<group>"; };
		4A24234C10DB0E6D005D1CB1 /* Entitlements.plist */ = {isa = PBXFileReference; fileEncoding = 4; lastKnownFileType = text.plist.xml; path = Entitlements.plist; sourceTree = "<group>"; };
		4A24234E10DB0E6D005D1CB1 /* BlueTargetButton.png */ = {isa = PBXFileReference; lastKnownFileType = image.png; path = BlueTargetButton.png; sourceTree = "<group>"; };
		4A24234F10DB0E6D005D1CB1 /* BrightKite.png */ = {isa = PBXFileReference; lastKnownFileType = image.png; path = BrightKite.png; sourceTree = "<group>"; };
		4A24235010DB0E6D005D1CB1 /* Crosshair.png */ = {isa = PBXFileReference; lastKnownFileType = image.png; path = Crosshair.png; sourceTree = "<group>"; };
		4A24235110DB0E6D005D1CB1 /* DefaultProfilePicture.png */ = {isa = PBXFileReference; lastKnownFileType = image.png; path = DefaultProfilePicture.png; sourceTree = "<group>"; };
		4A24235210DB0E6D005D1CB1 /* Flickr.png */ = {isa = PBXFileReference; lastKnownFileType = image.png; path = Flickr.png; sourceTree = "<group>"; };
		4A24235310DB0E6D005D1CB1 /* LocateMeButton.png */ = {isa = PBXFileReference; lastKnownFileType = image.png; path = LocateMeButton.png; sourceTree = "<group>"; };
		4A24235410DB0E6D005D1CB1 /* Twitter.png */ = {isa = PBXFileReference; lastKnownFileType = image.png; path = Twitter.png; sourceTree = "<group>"; };
		4A24235610DB0E6D005D1CB1 /* SGDemoApp_Prefix.pch */ = {isa = PBXFileReference; fileEncoding = 4; lastKnownFileType = sourcecode.c.h; path = SGDemoApp_Prefix.pch; sourceTree = "<group>"; };
		4A24235710DB0E6D005D1CB1 /* MainWindow.xib */ = {isa = PBXFileReference; lastKnownFileType = file.xib; path = MainWindow.xib; sourceTree = "<group>"; };
		4A24235810DB0E6D005D1CB1 /* Settings.bundle */ = {isa = PBXFileReference; lastKnownFileType = "wrapper.plug-in"; path = Settings.bundle; sourceTree = "<group>"; };
		4A24249B10DB0EDD005D1CB1 /* SGDemoApp.app */ = {isa = PBXFileReference; explicitFileType = wrapper.application; includeInIndex = 0; path = SGDemoApp.app; sourceTree = BUILT_PRODUCTS_DIR; };
		4A2424E410DB10F7005D1CB1 /* OpenGLES.framework */ = {isa = PBXFileReference; lastKnownFileType = wrapper.framework; name = OpenGLES.framework; path = System/Library/Frameworks/OpenGLES.framework; sourceTree = SDKROOT; };
		4A2424E610DB10FC005D1CB1 /* CoreLocation.framework */ = {isa = PBXFileReference; lastKnownFileType = wrapper.framework; name = CoreLocation.framework; path = System/Library/Frameworks/CoreLocation.framework; sourceTree = SDKROOT; };
		4A24250710DB1119005D1CB1 /* MapKit.framework */ = {isa = PBXFileReference; lastKnownFileType = wrapper.framework; name = MapKit.framework; path = System/Library/Frameworks/MapKit.framework; sourceTree = SDKROOT; };
		4A24250E10DB112D005D1CB1 /* QuartzCore.framework */ = {isa = PBXFileReference; lastKnownFileType = wrapper.framework; name = QuartzCore.framework; path = System/Library/Frameworks/QuartzCore.framework; sourceTree = SDKROOT; };
		4A75535411DBD47A003E8D8A /* update_sg_sdk */ = {isa = PBXFileReference; fileEncoding = 4; lastKnownFileType = text; path = update_sg_sdk; sourceTree = "<group>"; };
		4A8071C8124A551900D2F3DE /* SGDemoLayer.h */ = {isa = PBXFileReference; fileEncoding = 4; lastKnownFileType = sourcecode.c.h; name = SGDemoLayer.h; path = Layers/SGDemoLayer.h; sourceTree = "<group>"; };
		4A8071C9124A551900D2F3DE /* SGDemoLayer.m */ = {isa = PBXFileReference; fileEncoding = 4; lastKnownFileType = sourcecode.c.objc; name = SGDemoLayer.m; path = Layers/SGDemoLayer.m; sourceTree = "<group>"; };
		4A8073A4124AF25A00D2F3DE /* SGRecordViewController.h */ = {isa = PBXFileReference; fileEncoding = 4; lastKnownFileType = sourcecode.c.h; path = SGRecordViewController.h; sourceTree = "<group>"; };
		4A8073A5124AF25A00D2F3DE /* SGRecordViewController.m */ = {isa = PBXFileReference; fileEncoding = 4; lastKnownFileType = sourcecode.c.objc; path = SGRecordViewController.m; sourceTree = "<group>"; };
		4A8636961107D03B00DB3A18 /* Icon.png */ = {isa = PBXFileReference; lastKnownFileType = image.png; path = Icon.png; sourceTree = "<group>"; };
		4A8636971107D03B00DB3A18 /* iTunesArtwork.png */ = {isa = PBXFileReference; lastKnownFileType = image.png; path = iTunesArtwork.png; sourceTree = "<group>"; };
		4A8636B41107D35000DB3A18 /* LeftButton.png */ = {isa = PBXFileReference; lastKnownFileType = image.png; path = LeftButton.png; sourceTree = "<group>"; };
		4A8636B51107D35000DB3A18 /* RightButton.png */ = {isa = PBXFileReference; lastKnownFileType = image.png; path = RightButton.png; sourceTree = "<group>"; };
		4A9B8ABA11A72CD10044D956 /* SGLoadingView.h */ = {isa = PBXFileReference; fileEncoding = 4; lastKnownFileType = sourcecode.c.h; path = SGLoadingView.h; sourceTree = "<group>"; };
		4A9B8ABB11A72CD10044D956 /* SGLoadingView.m */ = {isa = PBXFileReference; fileEncoding = 4; lastKnownFileType = sourcecode.c.objc; path = SGLoadingView.m; sourceTree = "<group>"; };
		4A9B8ACE11A72D0C0044D956 /* LoadingBackground.png */ = {isa = PBXFileReference; lastKnownFileType = image.png; path = LoadingBackground.png; sourceTree = "<group>"; };
		4A9F6214127484A60013C779 /* CLLocationAdditions.h */ = {isa = PBXFileReference; fileEncoding = 4; lastKnownFileType = sourcecode.c.h; path = CLLocationAdditions.h; sourceTree = "<group>"; };
		4A9F6215127484A60013C779 /* SGDynamicPolylineView.h */ = {isa = PBXFileReference; fileEncoding = 4; lastKnownFileType = sourcecode.c.h; path = SGDynamicPolylineView.h; sourceTree = "<group>"; };
		4A9F6216127484A60013C779 /* SGLayerMapView.h */ = {isa = PBXFileReference; fileEncoding = 4; lastKnownFileType = sourcecode.c.h; path = SGLayerMapView.h; sourceTree = "<group>"; };
		4A9F6217127484A60013C779 /* SGMapKit.h */ = {isa = PBXFileReference; fileEncoding = 4; lastKnownFileType = sourcecode.c.h; path = SGMapKit.h; sourceTree = "<group>"; };
		4A9F6218127484A60013C779 /* SGMapRectHelper.h */ = {isa = PBXFileReference; fileEncoding = 4; lastKnownFileType = sourcecode.c.h; path = SGMapRectHelper.h; sourceTree = "<group>"; };
		4A9F6219127484A60013C779 /* SGPointHelper.h */ = {isa = PBXFileReference; fileEncoding = 4; lastKnownFileType = sourcecode.c.h; path = SGPointHelper.h; sourceTree = "<group>"; };
		4A9F621A127484A60013C779 /* SGRecordLine.h */ = {isa = PBXFileReference; fileEncoding = 4; lastKnownFileType = sourcecode.c.h; path = SGRecordLine.h; sourceTree = "<group>"; };
		4A9F621B127484A60013C779 /* SGRegion.h */ = {isa = PBXFileReference; fileEncoding = 4; lastKnownFileType = sourcecode.c.h; path = SGRegion.h; sourceTree = "<group>"; };
		4A9F621D127484A60013C779 /* libSGMapKit.a */ = {isa = PBXFileReference; lastKnownFileType = archive.ar; path = libSGMapKit.a; sourceTree = "<group>"; };
		4A9F621F127484A60013C779 /* libSGMapKit.a */ = {isa = PBXFileReference; lastKnownFileType = archive.ar; path = libSGMapKit.a; sourceTree = "<group>"; };
		4A9F6220127484A60013C779 /* LICENSE */ = {isa = PBXFileReference; fileEncoding = 4; lastKnownFileType = text; path = LICENSE; sourceTree = "<group>"; };
		4A9F6221127484A60013C779 /* README */ = {isa = PBXFileReference; fileEncoding = 4; lastKnownFileType = text; path = README; sourceTree = "<group>"; };
		4A9F62F3127484B40013C779 /* GeoJSON+NSArray.h */ = {isa = PBXFileReference; fileEncoding = 4; lastKnownFileType = sourcecode.c.h; path = "GeoJSON+NSArray.h"; sourceTree = "<group>"; };
		4A9F62F4127484B40013C779 /* GeoJSON+NSDictionary.h */ = {isa = PBXFileReference; fileEncoding = 4; lastKnownFileType = sourcecode.c.h; path = "GeoJSON+NSDictionary.h"; sourceTree = "<group>"; };
		4A9F62F5127484B40013C779 /* NSStringAdditions.h */ = {isa = PBXFileReference; fileEncoding = 4; lastKnownFileType = sourcecode.c.h; path = NSStringAdditions.h; sourceTree = "<group>"; };
		4A9F62F6127484B40013C779 /* SGAdditions.h */ = {isa = PBXFileReference; fileEncoding = 4; lastKnownFileType = sourcecode.c.h; path = SGAdditions.h; sourceTree = "<group>"; };
		4A9F62F7127484B40013C779 /* SGAuthorization.h */ = {isa = PBXFileReference; fileEncoding = 4; lastKnownFileType = sourcecode.c.h; path = SGAuthorization.h; sourceTree = "<group>"; };
		4A9F62F8127484B40013C779 /* SGCacheHandler.h */ = {isa = PBXFileReference; fileEncoding = 4; lastKnownFileType = sourcecode.c.h; path = SGCacheHandler.h; sourceTree = "<group>"; };
		4A9F62F9127484B40013C779 /* SGClient.h */ = {isa = PBXFileReference; fileEncoding = 4; lastKnownFileType = sourcecode.c.h; path = SGClient.h; sourceTree = "<group>"; };
		4A9F62FA127484B40013C779 /* SGCommitLog.h */ = {isa = PBXFileReference; fileEncoding = 4; lastKnownFileType = sourcecode.c.h; path = SGCommitLog.h; sourceTree = "<group>"; };
		4A9F62FB127484B40013C779 /* SGGeohashNearbyQuery.h */ = {isa = PBXFileReference; fileEncoding = 4; lastKnownFileType = sourcecode.c.h; path = SGGeohashNearbyQuery.h; sourceTree = "<group>"; };
		4A9F62FC127484B40013C779 /* SGGeoJSON+NSDictionary.h */ = {isa = PBXFileReference; fileEncoding = 4; lastKnownFileType = sourcecode.c.h; path = "SGGeoJSON+NSDictionary.h"; sourceTree = "<group>"; };
		4A9F62FD127484B40013C779 /* SGGeoJSON.h */ = {isa = PBXFileReference; fileEncoding = 4; lastKnownFileType = sourcecode.c.h; path = SGGeoJSON.h; sourceTree = "<group>"; };
		4A9F62FE127484B40013C779 /* SGGeoJSONEncoder.h */ = {isa = PBXFileReference; fileEncoding = 4; lastKnownFileType = sourcecode.c.h; path = SGGeoJSONEncoder.h; sourceTree = "<group>"; };
		4A9F62FF127484B40013C779 /* SGHistoryQuery.h */ = {isa = PBXFileReference; fileEncoding = 4; lastKnownFileType = sourcecode.c.h; path = SGHistoryQuery.h; sourceTree = "<group>"; };
		4A9F6300127484B40013C779 /* SGIPAddressQuery.h */ = {isa = PBXFileReference; fileEncoding = 4; lastKnownFileType = sourcecode.c.h; path = SGIPAddressQuery.h; sourceTree = "<group>"; };
		4A9F6301127484B40013C779 /* SGLatLonNearbyQuery.h */ = {isa = PBXFileReference; fileEncoding = 4; lastKnownFileType = sourcecode.c.h; path = SGLatLonNearbyQuery.h; sourceTree = "<group>"; };
		4A9F6302127484B40013C779 /* SGLayer.h */ = {isa = PBXFileReference; fileEncoding = 4; lastKnownFileType = sourcecode.c.h; path = SGLayer.h; sourceTree = "<group>"; };
		4A9F6303127484B40013C779 /* SGLocationManager.h */ = {isa = PBXFileReference; fileEncoding = 4; lastKnownFileType = sourcecode.c.h; path = SGLocationManager.h; sourceTree = "<group>"; };
		4A9F6304127484B40013C779 /* SGLocationService.h */ = {isa = PBXFileReference; fileEncoding = 4; lastKnownFileType = sourcecode.c.h; path = SGLocationService.h; sourceTree = "<group>"; };
		4A9F6305127484B40013C779 /* SGLocationTypes.h */ = {isa = PBXFileReference; fileEncoding = 4; lastKnownFileType = sourcecode.c.h; path = SGLocationTypes.h; sourceTree = "<group>"; };
		4A9F6306127484B40013C779 /* SGNearbyQuery.h */ = {isa = PBXFileReference; fileEncoding = 4; lastKnownFileType = sourcecode.c.h; path = SGNearbyQuery.h; sourceTree = "<group>"; };
		4A9F6307127484B40013C779 /* SGOAuth.h */ = {isa = PBXFileReference; fileEncoding = 4; lastKnownFileType = sourcecode.c.h; path = SGOAuth.h; sourceTree = "<group>"; };
		4A9F6308127484B40013C779 /* SGQuery.h */ = {isa = PBXFileReference; fileEncoding = 4; lastKnownFileType = sourcecode.c.h; path = SGQuery.h; sourceTree = "<group>"; };
		4A9F6309127484B40013C779 /* SGRecord.h */ = {isa = PBXFileReference; fileEncoding = 4; lastKnownFileType = sourcecode.c.h; path = SGRecord.h; sourceTree = "<group>"; };
		4A9F630A127484B40013C779 /* SGRecordAnnotation.h */ = {isa = PBXFileReference; fileEncoding = 4; lastKnownFileType = sourcecode.c.h; path = SGRecordAnnotation.h; sourceTree = "<group>"; };
		4A9F630C127484B40013C779 /* libSGClient.a */ = {isa = PBXFileReference; lastKnownFileType = archive.ar; path = libSGClient.a; sourceTree = "<group>"; };
		4A9F630E127484B40013C779 /* libSGClient.a */ = {isa = PBXFileReference; lastKnownFileType = archive.ar; path = libSGClient.a; sourceTree = "<group>"; };
		4A9F630F127484B40013C779 /* LICENSE */ = {isa = PBXFileReference; fileEncoding = 4; lastKnownFileType = text; path = LICENSE; sourceTree = "<group>"; };
		4A9F6310127484B40013C779 /* README */ = {isa = PBXFileReference; fileEncoding = 4; lastKnownFileType = text; path = README; sourceTree = "<group>"; };
		4ABE1F511242F145002F42EC /* SGAddLayerTableViewController.h */ = {isa = PBXFileReference; fileEncoding = 4; lastKnownFileType = sourcecode.c.h; path = SGAddLayerTableViewController.h; sourceTree = "<group>"; };
		4ABE1F521242F145002F42EC /* SGAddLayerTableViewController.m */ = {isa = PBXFileReference; fileEncoding = 4; lastKnownFileType = sourcecode.c.objc; path = SGAddLayerTableViewController.m; sourceTree = "<group>"; };
		4ABE1F541242F14C002F42EC /* SGLayerViewController.h */ = {isa = PBXFileReference; fileEncoding = 4; lastKnownFileType = sourcecode.c.h; path = SGLayerViewController.h; sourceTree = "<group>"; };
		4ABE1F551242F14C002F42EC /* SGLayerViewController.m */ = {isa = PBXFileReference; fileEncoding = 4; lastKnownFileType = sourcecode.c.objc; path = SGLayerViewController.m; sourceTree = "<group>"; };
		4AC1F028124275CF0053A8AC /* CLLocationAdditions.h */ = {isa = PBXFileReference; fileEncoding = 4; lastKnownFileType = sourcecode.c.h; path = CLLocationAdditions.h; sourceTree = "<group>"; };
		4AC1F029124275CF0053A8AC /* SG3DOverlayEnvironment.h */ = {isa = PBXFileReference; fileEncoding = 4; lastKnownFileType = sourcecode.c.h; path = SG3DOverlayEnvironment.h; sourceTree = "<group>"; };
		4AC1F02A124275CF0053A8AC /* SG3DOverlayView.h */ = {isa = PBXFileReference; fileEncoding = 4; lastKnownFileType = sourcecode.c.h; path = SG3DOverlayView.h; sourceTree = "<group>"; };
		4AC1F02B124275CF0053A8AC /* SGAnnotationView.h */ = {isa = PBXFileReference; fileEncoding = 4; lastKnownFileType = sourcecode.c.h; path = SGAnnotationView.h; sourceTree = "<group>"; };
		4AC1F02C124275CF0053A8AC /* SGAnnotationViewContainer.h */ = {isa = PBXFileReference; fileEncoding = 4; lastKnownFileType = sourcecode.c.h; path = SGAnnotationViewContainer.h; sourceTree = "<group>"; };
		4AC1F02D124275CF0053A8AC /* SGAREnvironment.h */ = {isa = PBXFileReference; fileEncoding = 4; lastKnownFileType = sourcecode.c.h; path = SGAREnvironment.h; sourceTree = "<group>"; };
		4AC1F02E124275CF0053A8AC /* SGARResponder.h */ = {isa = PBXFileReference; fileEncoding = 4; lastKnownFileType = sourcecode.c.h; path = SGARResponder.h; sourceTree = "<group>"; };
		4AC1F02F124275CF0053A8AC /* SGARView.h */ = {isa = PBXFileReference; fileEncoding = 4; lastKnownFileType = sourcecode.c.h; path = SGARView.h; sourceTree = "<group>"; };
		4AC1F030124275CF0053A8AC /* SGARViewController.h */ = {isa = PBXFileReference; fileEncoding = 4; lastKnownFileType = sourcecode.c.h; path = SGARViewController.h; sourceTree = "<group>"; };
		4AC1F031124275CF0053A8AC /* SGControlEvents.h */ = {isa = PBXFileReference; fileEncoding = 4; lastKnownFileType = sourcecode.c.h; path = SGControlEvents.h; sourceTree = "<group>"; };
		4AC1F032124275CF0053A8AC /* SGEnvironmentConstants.h */ = {isa = PBXFileReference; fileEncoding = 4; lastKnownFileType = sourcecode.c.h; path = SGEnvironmentConstants.h; sourceTree = "<group>"; };
		4AC1F033124275CF0053A8AC /* SGGlassAnnotationView.h */ = {isa = PBXFileReference; fileEncoding = 4; lastKnownFileType = sourcecode.c.h; path = SGGlassAnnotationView.h; sourceTree = "<group>"; };
		4AC1F034124275CF0053A8AC /* SGHeadingView.h */ = {isa = PBXFileReference; fileEncoding = 4; lastKnownFileType = sourcecode.c.h; path = SGHeadingView.h; sourceTree = "<group>"; };
		4AC1F035124275CF0053A8AC /* SGMath.h */ = {isa = PBXFileReference; fileEncoding = 4; lastKnownFileType = sourcecode.c.h; path = SGMath.h; sourceTree = "<group>"; };
		4AC1F036124275CF0053A8AC /* SGMetrics.h */ = {isa = PBXFileReference; fileEncoding = 4; lastKnownFileType = sourcecode.c.h; path = SGMetrics.h; sourceTree = "<group>"; };
		4AC1F037124275CF0053A8AC /* SGMovableStack.h */ = {isa = PBXFileReference; fileEncoding = 4; lastKnownFileType = sourcecode.c.h; path = SGMovableStack.h; sourceTree = "<group>"; };
		4AC1F038124275CF0053A8AC /* SGPinAnnotationView.h */ = {isa = PBXFileReference; fileEncoding = 4; lastKnownFileType = sourcecode.c.h; path = SGPinAnnotationView.h; sourceTree = "<group>"; };
		4AC1F039124275CF0053A8AC /* SGRadar.h */ = {isa = PBXFileReference; fileEncoding = 4; lastKnownFileType = sourcecode.c.h; path = SGRadar.h; sourceTree = "<group>"; };
		4AC1F03A124275CF0053A8AC /* SGTexture.h */ = {isa = PBXFileReference; fileEncoding = 4; lastKnownFileType = sourcecode.c.h; path = SGTexture.h; sourceTree = "<group>"; };
		4AC1F03B124275CF0053A8AC /* UIImageAdditions.h */ = {isa = PBXFileReference; fileEncoding = 4; lastKnownFileType = sourcecode.c.h; path = UIImageAdditions.h; sourceTree = "<group>"; };
		4AC1F03D124275CF0053A8AC /* SGBluePin.png */ = {isa = PBXFileReference; lastKnownFileType = image.png; path = SGBluePin.png; sourceTree = "<group>"; };
		4AC1F03E124275CF0053A8AC /* SGBottomInspectorBackground.png */ = {isa = PBXFileReference; lastKnownFileType = image.png; path = SGBottomInspectorBackground.png; sourceTree = "<group>"; };
		4AC1F03F124275CF0053A8AC /* SGCloseButton.png */ = {isa = PBXFileReference; lastKnownFileType = image.png; path = SGCloseButton.png; sourceTree = "<group>"; };
		4AC1F040124275CF0053A8AC /* SGDefaultContainer.png */ = {isa = PBXFileReference; lastKnownFileType = image.png; path = SGDefaultContainer.png; sourceTree = "<group>"; };
		4AC1F041124275CF0053A8AC /* SGDefaultProfilePicture.png */ = {isa = PBXFileReference; lastKnownFileType = image.png; path = SGDefaultProfilePicture.png; sourceTree = "<group>"; };
		4AC1F042124275CF0053A8AC /* SGDefaultRadarBackground.png */ = {isa = PBXFileReference; lastKnownFileType = image.png; path = SGDefaultRadarBackground.png; sourceTree = "<group>"; };
		4AC1F043124275CF0053A8AC /* SGDefaultRadarCurrentLocation.png */ = {isa = PBXFileReference; lastKnownFileType = image.png; path = SGDefaultRadarCurrentLocation.png; sourceTree = "<group>"; };
		4AC1F044124275CF0053A8AC /* SGDefaultRadarTargetImage.png */ = {isa = PBXFileReference; lastKnownFileType = image.png; path = SGDefaultRadarTargetImage.png; sourceTree = "<group>"; };
		4AC1F045124275CF0053A8AC /* SGDefaultSelectedContainer.png */ = {isa = PBXFileReference; lastKnownFileType = image.png; path = SGDefaultSelectedContainer.png; sourceTree = "<group>"; };
		4AC1F046124275CF0053A8AC /* SGGlassTargetBackground.png */ = {isa = PBXFileReference; lastKnownFileType = image.png; path = SGGlassTargetBackground.png; sourceTree = "<group>"; };
		4AC1F047124275CF0053A8AC /* SGMiddleInspectorBackground.png */ = {isa = PBXFileReference; lastKnownFileType = image.png; path = SGMiddleInspectorBackground.png; sourceTree = "<group>"; };
		4AC1F048124275CF0053A8AC /* SGRedPin.png */ = {isa = PBXFileReference; lastKnownFileType = image.png; path = SGRedPin.png; sourceTree = "<group>"; };
		4AC1F049124275CF0053A8AC /* SGTopInspectorBackground.png */ = {isa = PBXFileReference; lastKnownFileType = image.png; path = SGTopInspectorBackground.png; sourceTree = "<group>"; };
		4AC1F04B124275CF0053A8AC /* libSGAREnvironment.a */ = {isa = PBXFileReference; lastKnownFileType = archive.ar; path = libSGAREnvironment.a; sourceTree = "<group>"; };
		4AC1F04D124275CF0053A8AC /* libSGAREnvironment.a */ = {isa = PBXFileReference; lastKnownFileType = archive.ar; path = libSGAREnvironment.a; sourceTree = "<group>"; };
		4AC1F17012427B9F0053A8AC /* AVFoundation.framework */ = {isa = PBXFileReference; lastKnownFileType = wrapper.framework; name = AVFoundation.framework; path = System/Library/Frameworks/AVFoundation.framework; sourceTree = SDKROOT; };
		4AD169EC10DFECCF0057D9EC /* SGRecordAdditions.h */ = {isa = PBXFileReference; fileEncoding = 4; lastKnownFileType = sourcecode.c.h; path = SGRecordAdditions.h; sourceTree = "<group>"; };
		4AD169ED10DFECCF0057D9EC /* SGRecordAdditions.m */ = {isa = PBXFileReference; fileEncoding = 4; lastKnownFileType = sourcecode.c.objc; path = SGRecordAdditions.m; sourceTree = "<group>"; };
		4AD16A0C10DFF5AB0057D9EC /* UIImageAdditions.h */ = {isa = PBXFileReference; fileEncoding = 4; lastKnownFileType = sourcecode.c.h; path = UIImageAdditions.h; sourceTree = "<group>"; };
		4AD16A0D10DFF5AB0057D9EC /* UIImageAdditions.m */ = {isa = PBXFileReference; fileEncoding = 4; lastKnownFileType = sourcecode.c.objc; path = UIImageAdditions.m; sourceTree = "<group>"; };
		4AD16AF210E010CE0057D9EC /* Token.plist */ = {isa = PBXFileReference; fileEncoding = 4; lastKnownFileType = text.plist.xml; path = Token.plist; sourceTree = "<group>"; };
		4AF85B3911A5E80700B97ADA /* LICENSE */ = {isa = PBXFileReference; fileEncoding = 4; lastKnownFileType = text; path = LICENSE; sourceTree = "<group>"; };
		4AFD5C16125A6DFD00C66A87 /* SGTierViewController.h */ = {isa = PBXFileReference; fileEncoding = 4; lastKnownFileType = sourcecode.c.h; path = SGTierViewController.h; sourceTree = "<group>"; };
		4AFD5C17125A6DFD00C66A87 /* SGTierViewController.m */ = {isa = PBXFileReference; fileEncoding = 4; lastKnownFileType = sourcecode.c.objc; path = SGTierViewController.m; sourceTree = "<group>"; };
		4AFD5C1C125A73E900C66A87 /* SGWebViewController.h */ = {isa = PBXFileReference; fileEncoding = 4; lastKnownFileType = sourcecode.c.h; path = SGWebViewController.h; sourceTree = "<group>"; };
		4AFD5C1D125A73E900C66A87 /* SGWebViewController.m */ = {isa = PBXFileReference; fileEncoding = 4; lastKnownFileType = sourcecode.c.objc; path = SGWebViewController.m; sourceTree = "<group>"; };
		4AFD5C96125A7CDD00C66A87 /* SGDemoRecord.h */ = {isa = PBXFileReference; fileEncoding = 4; lastKnownFileType = sourcecode.c.h; path = SGDemoRecord.h; sourceTree = "<group>"; };
		4AFD5C97125A7CDD00C66A87 /* SGDemoRecord.m */ = {isa = PBXFileReference; fileEncoding = 4; lastKnownFileType = sourcecode.c.objc; path = SGDemoRecord.m; sourceTree = "<group>"; };
		5DF4385E132AC12900CA84E0 /* README.md */ = {isa = PBXFileReference; fileEncoding = 4; lastKnownFileType = text; path = README.md; sourceTree = "<group>"; };
/* End PBXFileReference section */

/* Begin PBXFrameworksBuildPhase section */
		1D60588F0D05DD3D006BFB54 /* Frameworks */ = {
			isa = PBXFrameworksBuildPhase;
			buildActionMask = 2147483647;
			files = (
				1D60589F0D05DD5A006BFB54 /* Foundation.framework in Frameworks */,
				1DF5F4E00D08C38300B7A737 /* UIKit.framework in Frameworks */,
				288765A50DF7441C002DB57D /* CoreGraphics.framework in Frameworks */,
				4A2424E510DB10F7005D1CB1 /* OpenGLES.framework in Frameworks */,
				4A2424E710DB10FC005D1CB1 /* CoreLocation.framework in Frameworks */,
				4A24250810DB1119005D1CB1 /* MapKit.framework in Frameworks */,
				4A24250F10DB112D005D1CB1 /* QuartzCore.framework in Frameworks */,
				4AC1F17112427B9F0053A8AC /* AVFoundation.framework in Frameworks */,
				4A9F640712748A7C0013C779 /* libSGAREnvironment.a in Frameworks */,
				4A9F640812748A7F0013C779 /* libSGAREnvironment.a in Frameworks */,
				4A9F640912748A830013C779 /* libSGMapKit.a in Frameworks */,
				4A9F640A12748A860013C779 /* libSGMapKit.a in Frameworks */,
				4A9F640B12748A8B0013C779 /* libSGClient.a in Frameworks */,
				4A9F640C12748A8D0013C779 /* libSGClient.a in Frameworks */,
			);
			runOnlyForDeploymentPostprocessing = 0;
		};
/* End PBXFrameworksBuildPhase section */

/* Begin PBXGroup section */
		19C28FACFE9D520D11CA2CBB /* Products */ = {
			isa = PBXGroup;
			children = (
				4A24249B10DB0EDD005D1CB1 /* SGDemoApp.app */,
			);
			name = Products;
			sourceTree = "<group>";
		};
		29B97314FDCFA39411CA2CEA /* CustomTemplate */ = {
			isa = PBXGroup;
			children = (
				4A75535411DBD47A003E8D8A /* update_sg_sdk */,
				29B97316FDCFA39411CA2CEA /* main.m */,
				5DF4385E132AC12900CA84E0 /* README.md */,
				4A24236A10DB0EDD005D1CB1 /* SGiPhoneSDK */,
				4A24234A10DB0E6D005D1CB1 /* Resources */,
				4A24230E10DB0E12005D1CB1 /* Classes */,
				29B97323FDCFA39411CA2CEA /* Frameworks */,
				19C28FACFE9D520D11CA2CBB /* Products */,
				4AF85B3911A5E80700B97ADA /* LICENSE */,
			);
			name = CustomTemplate;
			sourceTree = "<group>";
		};
		29B97323FDCFA39411CA2CEA /* Frameworks */ = {
			isa = PBXGroup;
			children = (
				4A2424E610DB10FC005D1CB1 /* CoreLocation.framework */,
				4A2424E410DB10F7005D1CB1 /* OpenGLES.framework */,
				1DF5F4DF0D08C38300B7A737 /* UIKit.framework */,
				1D30AB110D05D00D00671497 /* Foundation.framework */,
				288765A40DF7441C002DB57D /* CoreGraphics.framework */,
				4A24250710DB1119005D1CB1 /* MapKit.framework */,
				4A24250E10DB112D005D1CB1 /* QuartzCore.framework */,
				4AC1F17012427B9F0053A8AC /* AVFoundation.framework */,
			);
			name = Frameworks;
			sourceTree = "<group>";
		};
		4A24230E10DB0E12005D1CB1 /* Classes */ = {
			isa = PBXGroup;
			children = (
				4A24230F10DB0E12005D1CB1 /* Additions */,
				4A24231010DB0E12005D1CB1 /* Controllers */,
				4A24231510DB0E12005D1CB1 /* Model */,
				4A24232E10DB0E12005D1CB1 /* SGDemoAppDelegate.h */,
				4A24232F10DB0E12005D1CB1 /* SGDemoAppDelegate.m */,
				4A24233010DB0E12005D1CB1 /* TableCells */,
				4A24233310DB0E12005D1CB1 /* Views */,
			);
			path = Classes;
			sourceTree = "<group>";
		};
		4A24230F10DB0E12005D1CB1 /* Additions */ = {
			isa = PBXGroup;
			children = (
				4AD169EC10DFECCF0057D9EC /* SGRecordAdditions.h */,
				4AD169ED10DFECCF0057D9EC /* SGRecordAdditions.m */,
				4AD16A0C10DFF5AB0057D9EC /* UIImageAdditions.h */,
				4AD16A0D10DFF5AB0057D9EC /* UIImageAdditions.m */,
				4A23967B11A6FE060055CD31 /* SGLayerAdditions.h */,
				4A23967C11A6FE060055CD31 /* SGLayerAdditions.m */,
			);
			path = Additions;
			sourceTree = "<group>";
		};
		4A24231010DB0E12005D1CB1 /* Controllers */ = {
			isa = PBXGroup;
			children = (
				4A24231110DB0E12005D1CB1 /* SGMainViewController.h */,
				4A24231210DB0E12005D1CB1 /* SGMainViewController.m */,
				4ABE1F511242F145002F42EC /* SGAddLayerTableViewController.h */,
				4ABE1F521242F145002F42EC /* SGAddLayerTableViewController.m */,
				4ABE1F541242F14C002F42EC /* SGLayerViewController.h */,
				4ABE1F551242F14C002F42EC /* SGLayerViewController.m */,
				4A8073A4124AF25A00D2F3DE /* SGRecordViewController.h */,
				4A8073A5124AF25A00D2F3DE /* SGRecordViewController.m */,
				4AFD5C16125A6DFD00C66A87 /* SGTierViewController.h */,
				4AFD5C17125A6DFD00C66A87 /* SGTierViewController.m */,
				4AFD5C1C125A73E900C66A87 /* SGWebViewController.h */,
				4AFD5C1D125A73E900C66A87 /* SGWebViewController.m */,
			);
			path = Controllers;
			sourceTree = "<group>";
		};
		4A24231510DB0E12005D1CB1 /* Model */ = {
			isa = PBXGroup;
			children = (
				4A8071C8124A551900D2F3DE /* SGDemoLayer.h */,
				4A8071C9124A551900D2F3DE /* SGDemoLayer.m */,
				4AFD5C96125A7CDD00C66A87 /* SGDemoRecord.h */,
				4AFD5C97125A7CDD00C66A87 /* SGDemoRecord.m */,
			);
			path = Model;
			sourceTree = "<group>";
		};
		4A24233010DB0E12005D1CB1 /* TableCells */ = {
			isa = PBXGroup;
			children = (
				4A24233110DB0E12005D1CB1 /* SGRecordTableCell.h */,
				4A24233210DB0E12005D1CB1 /* SGRecordTableCell.m */,
			);
			path = TableCells;
			sourceTree = "<group>";
		};
		4A24233310DB0E12005D1CB1 /* Views */ = {
			isa = PBXGroup;
			children = (
				4A9B8ABA11A72CD10044D956 /* SGLoadingView.h */,
				4A9B8ABB11A72CD10044D956 /* SGLoadingView.m */,
				4A24233410DB0E12005D1CB1 /* SGMapAnnotationView.h */,
				4A24233510DB0E12005D1CB1 /* SGMapAnnotationView.m */,
			);
			path = Views;
			sourceTree = "<group>";
		};
		4A24234A10DB0E6D005D1CB1 /* Resources */ = {
			isa = PBXGroup;
			children = (
				4A8636961107D03B00DB3A18 /* Icon.png */,
				4A8636971107D03B00DB3A18 /* iTunesArtwork.png */,
				4A24234B10DB0E6D005D1CB1 /* SGDemoApp-Info.plist */,
				4A24234C10DB0E6D005D1CB1 /* Entitlements.plist */,
				4A24234D10DB0E6D005D1CB1 /* Images */,
				4A24235610DB0E6D005D1CB1 /* SGDemoApp_Prefix.pch */,
				4A24235710DB0E6D005D1CB1 /* MainWindow.xib */,
				4A24235810DB0E6D005D1CB1 /* Settings.bundle */,
				4AD16AF210E010CE0057D9EC /* Token.plist */,
			);
			path = Resources;
			sourceTree = "<group>";
		};
		4A24234D10DB0E6D005D1CB1 /* Images */ = {
			isa = PBXGroup;
			children = (
				4A9B8ACE11A72D0C0044D956 /* LoadingBackground.png */,
				4A8636B41107D35000DB3A18 /* LeftButton.png */,
				4A8636B51107D35000DB3A18 /* RightButton.png */,
				4A24234E10DB0E6D005D1CB1 /* BlueTargetButton.png */,
				4A24234F10DB0E6D005D1CB1 /* BrightKite.png */,
				4A24235010DB0E6D005D1CB1 /* Crosshair.png */,
				4A24235110DB0E6D005D1CB1 /* DefaultProfilePicture.png */,
				4A24235210DB0E6D005D1CB1 /* Flickr.png */,
				4A24235310DB0E6D005D1CB1 /* LocateMeButton.png */,
				4A24235410DB0E6D005D1CB1 /* Twitter.png */,
			);
			path = Images;
			sourceTree = "<group>";
		};
		4A24236A10DB0EDD005D1CB1 /* SGiPhoneSDK */ = {
			isa = PBXGroup;
			children = (
				4A9F623F127484B30013C779 /* SGClient */,
				4A9F61E8127484A60013C779 /* SGMapKit */,
				4AC1EFDC124275CF0053A8AC /* SGAREnvironment */,
			);
			path = SGiPhoneSDK;
			sourceTree = "<group>";
		};
		4A9F61E8127484A60013C779 /* SGMapKit */ = {
			isa = PBXGroup;
			children = (
				4A9F6213127484A60013C779 /* Headers */,
				4A9F621C127484A60013C779 /* iphoneos */,
				4A9F621E127484A60013C779 /* iphonesimulator */,
				4A9F6220127484A60013C779 /* LICENSE */,
				4A9F6221127484A60013C779 /* README */,
			);
			path = SGMapKit;
			sourceTree = "<group>";
		};
		4A9F6213127484A60013C779 /* Headers */ = {
			isa = PBXGroup;
			children = (
				4A9F6214127484A60013C779 /* CLLocationAdditions.h */,
				4A9F6215127484A60013C779 /* SGDynamicPolylineView.h */,
				4A9F6216127484A60013C779 /* SGLayerMapView.h */,
				4A9F6217127484A60013C779 /* SGMapKit.h */,
				4A9F6218127484A60013C779 /* SGMapRectHelper.h */,
				4A9F6219127484A60013C779 /* SGPointHelper.h */,
				4A9F621A127484A60013C779 /* SGRecordLine.h */,
				4A9F621B127484A60013C779 /* SGRegion.h */,
			);
			path = Headers;
			sourceTree = "<group>";
		};
		4A9F621C127484A60013C779 /* iphoneos */ = {
			isa = PBXGroup;
			children = (
				4A9F621D127484A60013C779 /* libSGMapKit.a */,
			);
			path = iphoneos;
			sourceTree = "<group>";
		};
		4A9F621E127484A60013C779 /* iphonesimulator */ = {
			isa = PBXGroup;
			children = (
				4A9F621F127484A60013C779 /* libSGMapKit.a */,
			);
			path = iphonesimulator;
			sourceTree = "<group>";
		};
		4A9F623F127484B30013C779 /* SGClient */ = {
			isa = PBXGroup;
			children = (
				4A9F62F2127484B40013C779 /* Headers */,
				4A9F630B127484B40013C779 /* iphoneos */,
				4A9F630D127484B40013C779 /* iphonesimulator */,
				4A9F630F127484B40013C779 /* LICENSE */,
				4A9F6310127484B40013C779 /* README */,
			);
			path = SGClient;
			sourceTree = "<group>";
		};
		4A9F62F2127484B40013C779 /* Headers */ = {
			isa = PBXGroup;
			children = (
				4A9F62F3127484B40013C779 /* GeoJSON+NSArray.h */,
				4A9F62F4127484B40013C779 /* GeoJSON+NSDictionary.h */,
				4A9F62F5127484B40013C779 /* NSStringAdditions.h */,
				4A9F62F6127484B40013C779 /* SGAdditions.h */,
				4A9F62F7127484B40013C779 /* SGAuthorization.h */,
				4A9F62F8127484B40013C779 /* SGCacheHandler.h */,
				4A9F62F9127484B40013C779 /* SGClient.h */,
				4A9F62FA127484B40013C779 /* SGCommitLog.h */,
				4A9F62FB127484B40013C779 /* SGGeohashNearbyQuery.h */,
				4A9F62FC127484B40013C779 /* SGGeoJSON+NSDictionary.h */,
				4A9F62FD127484B40013C779 /* SGGeoJSON.h */,
				4A9F62FE127484B40013C779 /* SGGeoJSONEncoder.h */,
				4A9F62FF127484B40013C779 /* SGHistoryQuery.h */,
				4A9F6300127484B40013C779 /* SGIPAddressQuery.h */,
				4A9F6301127484B40013C779 /* SGLatLonNearbyQuery.h */,
				4A9F6302127484B40013C779 /* SGLayer.h */,
				4A9F6303127484B40013C779 /* SGLocationManager.h */,
				4A9F6304127484B40013C779 /* SGLocationService.h */,
				4A9F6305127484B40013C779 /* SGLocationTypes.h */,
				4A9F6306127484B40013C779 /* SGNearbyQuery.h */,
				4A9F6307127484B40013C779 /* SGOAuth.h */,
				4A9F6308127484B40013C779 /* SGQuery.h */,
				4A9F6309127484B40013C779 /* SGRecord.h */,
				4A9F630A127484B40013C779 /* SGRecordAnnotation.h */,
			);
			path = Headers;
			sourceTree = "<group>";
		};
		4A9F630B127484B40013C779 /* iphoneos */ = {
			isa = PBXGroup;
			children = (
				4A9F630C127484B40013C779 /* libSGClient.a */,
			);
			path = iphoneos;
			sourceTree = "<group>";
		};
		4A9F630D127484B40013C779 /* iphonesimulator */ = {
			isa = PBXGroup;
			children = (
				4A9F630E127484B40013C779 /* libSGClient.a */,
			);
			path = iphonesimulator;
			sourceTree = "<group>";
		};
		4AC1EFDC124275CF0053A8AC /* SGAREnvironment */ = {
			isa = PBXGroup;
			children = (
				4AC1F027124275CF0053A8AC /* Headers */,
				4AC1F03C124275CF0053A8AC /* Images */,
				4AC1F04A124275CF0053A8AC /* iphoneos */,
				4AC1F04C124275CF0053A8AC /* iphonesimulator */,
			);
			path = SGAREnvironment;
			sourceTree = "<group>";
		};
		4AC1F027124275CF0053A8AC /* Headers */ = {
			isa = PBXGroup;
			children = (
				4AC1F028124275CF0053A8AC /* CLLocationAdditions.h */,
				4AC1F029124275CF0053A8AC /* SG3DOverlayEnvironment.h */,
				4AC1F02A124275CF0053A8AC /* SG3DOverlayView.h */,
				4AC1F02B124275CF0053A8AC /* SGAnnotationView.h */,
				4AC1F02C124275CF0053A8AC /* SGAnnotationViewContainer.h */,
				4AC1F02D124275CF0053A8AC /* SGAREnvironment.h */,
				4AC1F02E124275CF0053A8AC /* SGARResponder.h */,
				4AC1F02F124275CF0053A8AC /* SGARView.h */,
				4AC1F030124275CF0053A8AC /* SGARViewController.h */,
				4AC1F031124275CF0053A8AC /* SGControlEvents.h */,
				4AC1F032124275CF0053A8AC /* SGEnvironmentConstants.h */,
				4AC1F033124275CF0053A8AC /* SGGlassAnnotationView.h */,
				4AC1F034124275CF0053A8AC /* SGHeadingView.h */,
				4AC1F035124275CF0053A8AC /* SGMath.h */,
				4AC1F036124275CF0053A8AC /* SGMetrics.h */,
				4AC1F037124275CF0053A8AC /* SGMovableStack.h */,
				4AC1F038124275CF0053A8AC /* SGPinAnnotationView.h */,
				4AC1F039124275CF0053A8AC /* SGRadar.h */,
				4AC1F03A124275CF0053A8AC /* SGTexture.h */,
				4AC1F03B124275CF0053A8AC /* UIImageAdditions.h */,
			);
			path = Headers;
			sourceTree = "<group>";
		};
		4AC1F03C124275CF0053A8AC /* Images */ = {
			isa = PBXGroup;
			children = (
				4AC1F03D124275CF0053A8AC /* SGBluePin.png */,
				4AC1F03E124275CF0053A8AC /* SGBottomInspectorBackground.png */,
				4AC1F03F124275CF0053A8AC /* SGCloseButton.png */,
				4AC1F040124275CF0053A8AC /* SGDefaultContainer.png */,
				4AC1F041124275CF0053A8AC /* SGDefaultProfilePicture.png */,
				4AC1F042124275CF0053A8AC /* SGDefaultRadarBackground.png */,
				4AC1F043124275CF0053A8AC /* SGDefaultRadarCurrentLocation.png */,
				4AC1F044124275CF0053A8AC /* SGDefaultRadarTargetImage.png */,
				4AC1F045124275CF0053A8AC /* SGDefaultSelectedContainer.png */,
				4AC1F046124275CF0053A8AC /* SGGlassTargetBackground.png */,
				4AC1F047124275CF0053A8AC /* SGMiddleInspectorBackground.png */,
				4AC1F048124275CF0053A8AC /* SGRedPin.png */,
				4AC1F049124275CF0053A8AC /* SGTopInspectorBackground.png */,
			);
			path = Images;
			sourceTree = "<group>";
		};
		4AC1F04A124275CF0053A8AC /* iphoneos */ = {
			isa = PBXGroup;
			children = (
				4AC1F04B124275CF0053A8AC /* libSGAREnvironment.a */,
			);
			path = iphoneos;
			sourceTree = "<group>";
		};
		4AC1F04C124275CF0053A8AC /* iphonesimulator */ = {
			isa = PBXGroup;
			children = (
				4AC1F04D124275CF0053A8AC /* libSGAREnvironment.a */,
			);
			path = iphonesimulator;
			sourceTree = "<group>";
		};
/* End PBXGroup section */

/* Begin PBXNativeTarget section */
		1D6058900D05DD3D006BFB54 /* SGDemoApp */ = {
			isa = PBXNativeTarget;
			buildConfigurationList = 1D6058960D05DD3E006BFB54 /* Build configuration list for PBXNativeTarget "SGDemoApp" */;
			buildPhases = (
				1D60588D0D05DD3D006BFB54 /* Resources */,
				1D60588E0D05DD3D006BFB54 /* Sources */,
				1D60588F0D05DD3D006BFB54 /* Frameworks */,
			);
			buildRules = (
			);
			dependencies = (
			);
			name = SGDemoApp;
			productName = SGDemoApp;
			productReference = 4A24249B10DB0EDD005D1CB1 /* SGDemoApp.app */;
			productType = "com.apple.product-type.application";
		};
/* End PBXNativeTarget section */

/* Begin PBXProject section */
		29B97313FDCFA39411CA2CEA /* Project object */ = {
			isa = PBXProject;
			attributes = {
				ORGANIZATIONNAME = SimpleGeo;
			};
			buildConfigurationList = C01FCF4E08A954540054247B /* Build configuration list for PBXProject "SGDemoApp" */;
			compatibilityVersion = "Xcode 3.2";
			developmentRegion = English;
			hasScannedForEncodings = 1;
			knownRegions = (
				English,
				Japanese,
				French,
				German,
			);
			mainGroup = 29B97314FDCFA39411CA2CEA /* CustomTemplate */;
			projectDirPath = "";
			projectRoot = "";
			targets = (
				1D6058900D05DD3D006BFB54 /* SGDemoApp */,
			);
		};
/* End PBXProject section */

/* Begin PBXResourcesBuildPhase section */
		1D60588D0D05DD3D006BFB54 /* Resources */ = {
			isa = PBXResourcesBuildPhase;
			buildActionMask = 2147483647;
			files = (
				4A24235C10DB0E6D005D1CB1 /* BlueTargetButton.png in Resources */,
				4A24235D10DB0E6D005D1CB1 /* BrightKite.png in Resources */,
				4A24235E10DB0E6D005D1CB1 /* Crosshair.png in Resources */,
				4A24235F10DB0E6D005D1CB1 /* DefaultProfilePicture.png in Resources */,
				4A24236010DB0E6D005D1CB1 /* Flickr.png in Resources */,
				4A24236110DB0E6D005D1CB1 /* LocateMeButton.png in Resources */,
				4A24236210DB0E6D005D1CB1 /* Twitter.png in Resources */,
				4A24236410DB0E6D005D1CB1 /* MainWindow.xib in Resources */,
				4A24236510DB0E6D005D1CB1 /* Settings.bundle in Resources */,
				4AD16AF310E010CE0057D9EC /* Token.plist in Resources */,
				4A8636981107D03B00DB3A18 /* Icon.png in Resources */,
				4A8636991107D03B00DB3A18 /* iTunesArtwork.png in Resources */,
				4A8636B61107D35000DB3A18 /* LeftButton.png in Resources */,
				4A8636B71107D35000DB3A18 /* RightButton.png in Resources */,
				4A9B8ACF11A72D0C0044D956 /* LoadingBackground.png in Resources */,
				4A75535511DBD47A003E8D8A /* update_sg_sdk in Resources */,
				4A75552011DBDD19003E8D8A /* LICENSE in Resources */,
				4AC1F0E2124275CF0053A8AC /* SGBluePin.png in Resources */,
				4AC1F0E3124275CF0053A8AC /* SGBottomInspectorBackground.png in Resources */,
				4AC1F0E4124275CF0053A8AC /* SGCloseButton.png in Resources */,
				4AC1F0E5124275CF0053A8AC /* SGDefaultContainer.png in Resources */,
				4AC1F0E6124275CF0053A8AC /* SGDefaultProfilePicture.png in Resources */,
				4AC1F0E7124275CF0053A8AC /* SGDefaultRadarBackground.png in Resources */,
				4AC1F0E8124275CF0053A8AC /* SGDefaultRadarCurrentLocation.png in Resources */,
				4AC1F0E9124275CF0053A8AC /* SGDefaultRadarTargetImage.png in Resources */,
				4AC1F0EA124275CF0053A8AC /* SGDefaultSelectedContainer.png in Resources */,
				4AC1F0EB124275CF0053A8AC /* SGGlassTargetBackground.png in Resources */,
				4AC1F0EC124275CF0053A8AC /* SGMiddleInspectorBackground.png in Resources */,
				4AC1F0ED124275CF0053A8AC /* SGRedPin.png in Resources */,
				4AC1F0EE124275CF0053A8AC /* SGTopInspectorBackground.png in Resources */,
				4A02E4BF124B164E00D9DB61 /* SGDemoApp-Info.plist in Resources */,
				5DF4385F132AC12900CA84E0 /* README.md in Resources */,
			);
			runOnlyForDeploymentPostprocessing = 0;
		};
/* End PBXResourcesBuildPhase section */

/* Begin PBXSourcesBuildPhase section */
		1D60588E0D05DD3D006BFB54 /* Sources */ = {
			isa = PBXSourcesBuildPhase;
			buildActionMask = 2147483647;
			files = (
				1D60589B0D05DD56006BFB54 /* main.m in Sources */,
				4A24233610DB0E12005D1CB1 /* SGMainViewController.m in Sources */,
				4A24234310DB0E12005D1CB1 /* SGDemoAppDelegate.m in Sources */,
				4A24234410DB0E12005D1CB1 /* SGRecordTableCell.m in Sources */,
				4A24234510DB0E12005D1CB1 /* SGMapAnnotationView.m in Sources */,
				4AD169EE10DFECCF0057D9EC /* SGRecordAdditions.m in Sources */,
				4AD16A0E10DFF5AB0057D9EC /* UIImageAdditions.m in Sources */,
				4A23967D11A6FE060055CD31 /* SGLayerAdditions.m in Sources */,
				4A9B8ABC11A72CD10044D956 /* SGLoadingView.m in Sources */,
				4ABE1F531242F145002F42EC /* SGAddLayerTableViewController.m in Sources */,
				4ABE1F561242F14C002F42EC /* SGLayerViewController.m in Sources */,
				4A8071CA124A551900D2F3DE /* SGDemoLayer.m in Sources */,
				4A8073A6124AF25A00D2F3DE /* SGRecordViewController.m in Sources */,
				4AFD5C18125A6DFD00C66A87 /* SGTierViewController.m in Sources */,
				4AFD5C1E125A73E900C66A87 /* SGWebViewController.m in Sources */,
				4AFD5C98125A7CDD00C66A87 /* SGDemoRecord.m in Sources */,
			);
			runOnlyForDeploymentPostprocessing = 0;
		};
/* End PBXSourcesBuildPhase section */

/* Begin XCBuildConfiguration section */
		1D6058940D05DD3E006BFB54 /* Debug */ = {
			isa = XCBuildConfiguration;
			buildSettings = {
				ALWAYS_SEARCH_USER_PATHS = NO;
				"CODE_SIGN_IDENTITY[sdk=iphoneos*]" = "iPhone Developer";
				COPY_PHASE_STRIP = NO;
				FRAMEWORK_SEARCH_PATHS = "";
				GCC_DYNAMIC_NO_PIC = NO;
				GCC_OPTIMIZATION_LEVEL = 0;
				GCC_PRECOMPILE_PREFIX_HEADER = YES;
				GCC_PREFIX_HEADER = Resources/SGDemoApp_Prefix.pch;
				HEADER_SEARCH_PATHS = "SGiPhoneSDK/**";
				INFOPLIST_FILE = "Resources/SGDemoApp-Info.plist";
				IPHONEOS_DEPLOYMENT_TARGET = 4.0;
				LIBRARY_SEARCH_PATHS = (
					"SGiPhoneSDK/SGClient/$(PLATFORM_NAME)/**",
					"SGiPhoneSDK/SGMapKit/$(PLATFORM_NAME)/**",
					"SGiPhoneSDK/SGAREnvironment/$(PLATFORM_NAME)/**",
				);
				OTHER_LDFLAGS = (
					"-all_load",
					"-ObjC",
					"-l",
					SGAREnvironment,
					"-l",
					SGMapKit,
					"-l",
					SGClient,
				);
				PRODUCT_NAME = SGDemoApp;
				"PROVISIONING_PROFILE[sdk=iphoneos*]" = "";
				SDKROOT = iphoneos;
			};
			name = Debug;
		};
		1D6058950D05DD3E006BFB54 /* Release */ = {
			isa = XCBuildConfiguration;
			buildSettings = {
				ALWAYS_SEARCH_USER_PATHS = NO;
				CODE_SIGN_ENTITLEMENTS = Resources/Entitlements.plist;
				"CODE_SIGN_IDENTITY[sdk=iphoneos*]" = "iPhone Distribution: SimpleGeo, Inc.";
				COPY_PHASE_STRIP = YES;
				FRAMEWORK_SEARCH_PATHS = "";
				GCC_PRECOMPILE_PREFIX_HEADER = YES;
				GCC_PREFIX_HEADER = Resources/SGDemoApp_Prefix.pch;
				HEADER_SEARCH_PATHS = "SGiPhoneSDK/**";
				INFOPLIST_FILE = "Resources/SGDemoApp-Info.plist";
				IPHONEOS_DEPLOYMENT_TARGET = 4.0;
				LIBRARY_SEARCH_PATHS = (
					"SGiPhoneSDK/SGClient/$(PLATFORM_NAME)/**",
					"SGiPhoneSDK/SGMapKit/$(PLATFORM_NAME)/**",
					"SGiPhoneSDK/SGAREnvironment/$(PLATFORM_NAME)/**",
				);
				OTHER_LDFLAGS = (
					"-all_load",
					"-ObjC",
					"-l",
					SGAREnvironment,
					"-l",
					SGMapKit,
					"-l",
					SGClient,
				);
				PRODUCT_NAME = SGDemoApp;
				"PROVISIONING_PROFILE[sdk=iphoneos*]" = "6B1211F2-2295-4BEC-8152-95514110724D";
				SDKROOT = iphoneos;
			};
			name = Release;
		};
		C01FCF4F08A954540054247B /* Debug */ = {
			isa = XCBuildConfiguration;
			buildSettings = {
				ARCHS = "$(ARCHS_STANDARD_32_BIT)";
				"CODE_SIGN_IDENTITY[sdk=iphoneos*]" = "iPhone Developer";
				GCC_C_LANGUAGE_STANDARD = c99;
				GCC_WARN_ABOUT_RETURN_TYPE = YES;
				GCC_WARN_UNUSED_VARIABLE = YES;
				PREBINDING = NO;
				SDKROOT = iphoneos;
			};
			name = Debug;
		};
		C01FCF5008A954540054247B /* Release */ = {
			isa = XCBuildConfiguration;
			buildSettings = {
				ARCHS = "$(ARCHS_STANDARD_32_BIT)";
				"CODE_SIGN_IDENTITY[sdk=iphoneos*]" = "iPhone Developer";
				GCC_C_LANGUAGE_STANDARD = c99;
				GCC_WARN_ABOUT_RETURN_TYPE = YES;
				GCC_WARN_UNUSED_VARIABLE = YES;
				PREBINDING = NO;
				SDKROOT = iphoneos;
			};
			name = Release;
		};
/* End XCBuildConfiguration section */

/* Begin XCConfigurationList section */
		1D6058960D05DD3E006BFB54 /* Build configuration list for PBXNativeTarget "SGDemoApp" */ = {
			isa = XCConfigurationList;
			buildConfigurations = (
				1D6058940D05DD3E006BFB54 /* Debug */,
				1D6058950D05DD3E006BFB54 /* Release */,
			);
			defaultConfigurationIsVisible = 0;
			defaultConfigurationName = Release;
		};
		C01FCF4E08A954540054247B /* Build configuration list for PBXProject "SGDemoApp" */ = {
			isa = XCConfigurationList;
			buildConfigurations = (
				C01FCF4F08A954540054247B /* Debug */,
				C01FCF5008A954540054247B /* Release */,
			);
			defaultConfigurationIsVisible = 0;
			defaultConfigurationName = Release;
		};
/* End XCConfigurationList section */
	};
	rootObject = 29B97313FDCFA39411CA2CEA /* Project object */;
}
